version = 1
revision = 3
requires-python = ">=3.12"

[[package]]
name = "asciinema"
version = "2.4.0"
source = { registry = "https://pypi.org/simple" }
sdist = { url = "https://files.pythonhosted.org/packages/f1/19/45b405438e90ad5b9618f3df62e9b3edaa2b115b530e60bd4b363465c704/asciinema-2.4.0.tar.gz", hash = "sha256:828e04c36ba622a7b8f8f912c8f0c1329538b6c7ed1c0d1b131bbbfe3a221707", size = 88768, upload-time = "2023-10-23T15:46:22.08Z" }
wheels = [
    { url = "https://files.pythonhosted.org/packages/55/72/d79812aa210d411f7659fde4bbb1d5ef0e80950ff70f98bfdc57e12787dc/asciinema-2.4.0-py3-none-any.whl", hash = "sha256:249ccf108509d643ddaf38979dac48c99e9e251f597173d8553a30d7a6423104", size = 97332, upload-time = "2023-10-23T15:46:19.691Z" },
]

[[package]]
name = "hexlet-code"
version = "0.1.0"
source = { editable = "." }
dependencies = [
    { name = "asciinema" },
]

[package.metadata]
requires-dist = [{ name = "asciinema", specifier = ">=2.4.0" }]
